PODS:
  - Expecta (0.2.4)
  - KIF (3.0.8):
    - KIF/XCTest (= 3.0.8)
  - KIF/XCTest (3.0.8)
  - OCHamcrest (4.0.1)
  - OCMockito (1.3.1):
    - OCHamcrest (~> 4.0)
  - Specta (1.0.2)
  - Swizzlean (0.1.2)

DEPENDENCIES:
  - Expecta (~> 0.2.4)
  - KIF (~> 3.0)
  - OCMockito (~> 1.0)
  - Specta (from `https://github.com/specta/specta.git`)
  - Swizzlean (~> 0.1.1)

EXTERNAL SOURCES:
  Specta:
    :git: https://github.com/specta/specta.git

CHECKOUT OPTIONS:
  Specta:
    :commit: 42b8e0d8e28994abbf2012c76d980668b575a10d
    :git: https://github.com/specta/specta.git

SPEC CHECKSUMS:
  Expecta: cfaf1d3e2e194ca704a25e997093d30a1ce70b61
  KIF: 3c2cb8e66fb216f9c3abcd714699411f0256f767
  OCHamcrest: a62dbcf4dec9cbf091263d936e0de8dec02baac0
  OCMockito: 958f33ee8ad03eeb62e1397ef6b60f5121214ca4
  Specta: 9cec98310dca411f7c7ffd6943552b501622abfe
  Swizzlean: 164ef9d428a35ef61a404747ab40010f303dffa2

COCOAPODS: 0.37.2
